
Microsoft Visual Studio Solution File, Format Version 12.00
# Visual Studio Version 16
VisualStudioVersion = 16.0.31624.102
MinimumVisualStudioVersion = 10.0.40219.1
Project("{FAE04EC0-301F-11D3-BF4B-00C04F79EFBC}") = "GiftingProject", "GiftingProject\GiftingProject.csproj", "{493C724C-EC8A-4161-AB6F-6EBB0778EB15}"
EndProject
Global
	GlobalSection(SolutionConfigurationPlatforms) = preSolution
		Debug|Any CPU = Debug|Any CPU
		Release|Any CPU = Release|Any CPU
	EndGlobalSection
	GlobalSection(ProjectConfigurationPlatforms) = postSolution
		{493C724C-EC8A-4161-AB6F-6EBB0778EB15}.Debug|Any CPU.ActiveCfg = Debug|Any CPU
		{493C724C-EC8A-4161-AB6F-6EBB0778EB15}.Debug|Any CPU.Build.0 = Debug|Any CPU
		{493C724C-EC8A-4161-AB6F-6EBB0778EB15}.Release|Any CPU.ActiveCfg = Release|Any CPU
		{493C724C-EC8A-4161-AB6F-6EBB0778EB15}.Release|Any CPU.Build.0 = Release|Any CPU
	EndGlobalSection
	GlobalSection(SolutionProperties) = preSolution
		HideSolutionNode = FALSE
	EndGlobalSection
	GlobalSection(ExtensibilityGlobals) = postSolution
		SolutionGuid = {A66CEF35-642D-42A5-8A4E-788CC517A005}
	EndGlobalSection
EndGlobal
